{
  "lockfileVersion": 2,
  "configVersion": 1,
  "workspaces": {
    "": {
      "name": "task1-chmod",
      "devDependencies": {
        "@cucumber/cucumber": "latest",
      },
    },
  },
  "packages": {
    "@babel/code-frame": ["@babel/code-frame@7.29.7", "", { "dependencies": { "@babel/helper-validator-identifier": "^7.29.7", "js-tokens": "^4.0.0", "picocolors": "^1.1.1" } }, "sha512-Aup7aUOfpbAUg2ROOJN6Iw5f9DMBlzu0mIkm/malLQFN/YQgO48wCj0Kxa3sEHJvPVFg7siR+qRInwXd2qhQKw=="],

    "@babel/helper-validator-identifier": ["@babel/helper-validator-identifier@7.29.7", "", {}, "sha512-qehxGkRj55h/ff8EMaJ+cYhyaKlHIxqYDn682wQD7RNp9UujOQsHog2uS0r2vzr4pW+sXf90NeeayjcNaX3fFg=="],

    "@colors/colors": ["@colors/colors@1.5.0", "", {}, "sha512-ooWCrlZP11i8GImSjTHYHLkvFDP48nS4+204nGb1RiX/WXYHmJA2III9/e2DWVabCESdW7hBAEzHRqUn9OUVvQ=="],

    "@cucumber/ci-environment": ["@cucumber/ci-environment@14.0.0", "", {}, "sha512-CJbjPPGuk1fArPRVKB6FU2q9FHxOQOeq7IEJcB2NLNhOhV97uazLxvwD5ucAJb/flky+czOLhvaYaRAF6l5QYQ=="],

    "@cucumber/cucumber": ["@cucumber/cucumber@13.2.1", "", { "dependencies": { "@cucumber/ci-environment": "14.0.0", "@cucumber/cucumber-expressions": "20.0.0", "@cucumber/gherkin": "42.0.0", "@cucumber/gherkin-streams": "7.0.1", "@cucumber/gherkin-utils": "12.0.1", "@cucumber/html-formatter": "24.1.0", "@cucumber/junit-xml-formatter": "0.14.0", "@cucumber/message-streams": "5.0.1", "@cucumber/messages": "34.2.0", "@cucumber/pretty-formatter": "4.0.0", "@cucumber/tag-expressions": "11.0.0", "assertion-error-formatter": "^3.0.0", "cli-table3": "0.6.5", "commander": "^15.0.0", "debug": "^4.3.4", "error-stack-parser": "^2.1.4", "figures": "^6.0.0", "has-ansi": "^6.0.0", "indent-string": "^5.0.0", "is-installed-globally": "^1.0.0", "knuth-shuffle-seeded": "^1.0.6", "lodash.merge": "^4.6.2", "lodash.mergewith": "^4.6.2", "luxon": "3.7.2", "read-package-up": "^12.0.0", "semver": "7.8.5", "string-argv": "0.3.2", "supports-color": "^11.0.0", "type-fest": "^5.0.0", "util-arity": "^1.1.0", "yaml": "^2.2.2", "yup": "1.7.1" }, "bin": { "cucumber-js": "bin/cucumber.js" } }, "sha512-Km3mLbZKOE/TlR9ExGWcG7PwOG1ArMt/R6BexrMhGA8pLGaLCWYISTHStpftLuuhVKvVd3RO5M/pfARKyvcyWg=="],

    "@cucumber/cucumber-expressions": ["@cucumber/cucumber-expressions@20.0.0", "", { "dependencies": { "regexp-match-indices": "1.0.2" } }, "sha512-t2FBLKuU0U1nP5FM8pHiVonYcXVm07fvXr/H9osdvrjcLXSWc5OCbOOqV/k5S56w/YndPv1Sv2/m/x1KBYvIlA=="],

    "@cucumber/gherkin": ["@cucumber/gherkin@42.0.0", "", { "dependencies": { "@cucumber/messages": ">=34.0.0 <35" } }, "sha512-kBcv+NV4FGQYX6NIsSCjsjaX8MsRdEH559BQ9xEFPgkLQX/Z//JZrY94fpjxW6quo4V5kxlzFiiVC5xouF9Akg=="],

    "@cucumber/gherkin-streams": ["@cucumber/gherkin-streams@7.0.1", "", { "dependencies": { "commander": "15.0.0", "source-map-support": "0.5.21" }, "peerDependencies": { "@cucumber/gherkin": ">=22.0.0", "@cucumber/message-streams": ">=4.0.0", "@cucumber/messages": ">=17.1.1" }, "bin": { "gherkin-javascript": "bin/gherkin" } }, "sha512-8W1lmof0hbQ1HgOEpPCkz1KCFaM6MfA7n7rr6vX/7ffgUQ0saOAwapKSVj7P68Aht0K9XqHaw8BDLtqaK/jRIg=="],

    "@cucumber/gherkin-utils": ["@cucumber/gherkin-utils@12.0.1", "", { "dependencies": { "@cucumber/gherkin": "^41.0.0", "@cucumber/messages": "^33.0.0", "@teppeis/multimaps": "3.0.0", "commander": "15.0.0", "source-map-support": "^0.5.21" }, "bin": { "gherkin-utils": "bin/gherkin-utils" } }, "sha512-vImHbmTzvGcZP4SFSbx7P6janHZN+BqGWXc3EIQ7UeYMeDzwV9ybSlRfpECV340pxKYZyMTtuSCP3CDXfuWCQw=="],

    "@cucumber/html-formatter": ["@cucumber/html-formatter@24.1.0", "", { "peerDependencies": { "@cucumber/messages": ">=18" } }, "sha512-5TBLnBT+tIvtamw/jtblBVgzQ2/ckd+md8I0rwkEk29vFMCF68jNwhyONGq6leUYMq4kVF+KdFhE8xGrSc3kJw=="],

    "@cucumber/junit-xml-formatter": ["@cucumber/junit-xml-formatter@0.14.0", "", { "dependencies": { "@cucumber/query": "^16.0.0", "@teppeis/multimaps": "^3.0.0", "luxon": "^3.5.0", "xmlbuilder": "^15.1.1" }, "peerDependencies": { "@cucumber/messages": "*" } }, "sha512-uDuJySsUr1b1VEAERC+YywvVhygBgYIAMyfSMzLZ3LrourudaWZIhfTND4uLNkRZZQcPr6IYv+qj5TP8RTJJ+g=="],

    "@cucumber/message-streams": ["@cucumber/message-streams@5.0.1", "", { "dependencies": { "mime": "^4.0.0" }, "peerDependencies": { "@cucumber/messages": ">=17.1.1" } }, "sha512-MXsD7ZAWWAiWMrn3Lzq2nwu9DJpPbbvdqXj2ot1BSM2gXnoSvg8d0pc6PzS9pI02swMSn/KN11mTdF5ScE7X0Q=="],

    "@cucumber/messages": ["@cucumber/messages@34.2.0", "", {}, "sha512-6X6T1TApmbQNqxC0Oh3GcnLU+gfE5fp+cEXE/ml6+Ldx76Q6BDmkgM5vagSSDXP+vetPV2Fb0kWVeP7QIR6+Aw=="],

    "@cucumber/pretty-formatter": ["@cucumber/pretty-formatter@4.0.0", "", { "dependencies": { "@cucumber/query": "16.0.0", "luxon": "^3.7.2" }, "peerDependencies": { "@cucumber/messages": "*" } }, "sha512-vWKHUfjMphtbeHHlQBZ1gQzPL3/HE/O2dNnpBqEOIDwvhp7tKvqSe8kscp2H7pArbxN6euEpR5JbstJdzo3iyg=="],

    "@cucumber/query": ["@cucumber/query@16.1.1", "", { "dependencies": { "@teppeis/multimaps": "3.0.0", "lodash.sortby": "^4.7.0" }, "peerDependencies": { "@cucumber/messages": "*" } }, "sha512-SBaP4Lc7xv55jY78Q8raoxvbBIPGhQKrui/Tq+l6jYBl1alV0TG1sW8TRtk9W7RQl27nVJo9DyyvASp374L9Tg=="],

    "@cucumber/tag-expressions": ["@cucumber/tag-expressions@11.0.0", "", {}, "sha512-7Uo6dYST8xZbHwwemXCt7Kv80Yh/SE85DyOed1/FTwxRXs3NYVOCm6e/h8DxlhTGIpD6rYXfpY3nHnIXAFMBlw=="],

    "@teppeis/multimaps": ["@teppeis/multimaps@3.0.0", "", {}, "sha512-ID7fosbc50TbT0MK0EG12O+gAP3W3Aa/Pz4DaTtQtEvlc9Odaqi0de+xuZ7Li2GtK4HzEX7IuRWS/JmZLksR3Q=="],

    "@types/normalize-package-data": ["@types/normalize-package-data@2.4.4", "", {}, "sha512-37i+OaWTh9qeK4LSHPsyRC7NahnGotNuZvjLSgcPzblpHB3rrCJxAOgI5gCdKm7coonsaX1Of0ILiTcnZjbfxA=="],

    "ansi-regex": ["ansi-regex@6.3.0", "", {}, "sha512-WpDfL7NO6j7tH88IDBNVdUJxDh9nmCteAVW9dsep846XdwF4naCBK+/tGLX3KJgcpgMRXCFlTM2hKGoK9FsdrQ=="],

    "assertion-error-formatter": ["assertion-error-formatter@3.0.0", "", { "dependencies": { "diff": "^4.0.1", "pad-right": "^0.2.2", "repeat-string": "^1.6.1" } }, "sha512-6YyAVLrEze0kQ7CmJfUgrLHb+Y7XghmL2Ie7ijVa2Y9ynP3LV+VDiwFk62Dn0qtqbmY0BT0ss6p1xxpiF2PYbQ=="],

    "buffer-from": ["buffer-from@1.1.2", "", {}, "sha512-E+XQCRwSbaaiChtv6k6Dwgc+bx+Bs6vuKJHHl5kox/BaKbhiXzqQOwK4cO22yElGp2OCmjwVhT3HmxgyPGnJfQ=="],

    "cli-table3": ["cli-table3@0.6.5", "", { "dependencies": { "string-width": "^4.2.0" }, "optionalDependencies": { "@colors/colors": "1.5.0" } }, "sha512-+W/5efTR7y5HRD7gACw9yQjqMVvEMLBHmboM/kPWam+H+Hmyrgjh6YncVKK122YZkXrLudzTuAukUw9FnMf7IQ=="],

    "commander": ["commander@15.0.0", "", {}, "sha512-z67u4ZhzCL/Tydu1lJARtEZYWbWaN7oYLHbsuzocr6y4N6WZAagG3RQ4FW61V1/0+jImpj293XfrcYnd1qxtPg=="],

    "debug": ["debug@4.4.3", "", { "dependencies": { "ms": "^2.1.3" }, "peerDependencies": { "supports-color": "*" }, "optionalPeers": ["supports-color"] }, "sha512-RGwwWnwQvkVfavKVt22FGLw+xYSdzARwm0ru6DhTVA3umU5hZc28V3kO4stgYryrTlLpuvgI9GiijltAjNbcqA=="],

    "diff": ["diff@4.0.4", "", {}, "sha512-X07nttJQkwkfKfvTPG/KSnE2OMdcUCao6+eXF3wmnIQRn2aPAHH3VxDbDOdegkd6JbPsXqShpvEOHfAT+nCNwQ=="],

    "emoji-regex": ["emoji-regex@8.0.0", "", {}, "sha512-MSjYzcWNOA0ewAHpz0MxpYFvwg6yjy1NG3xteoqz644VCo/RPgnr1/GGt+ic3iJTzQ8Eu3TdM14SawnVUmGE6A=="],

    "error-stack-parser": ["error-stack-parser@2.1.4", "", { "dependencies": { "stackframe": "^1.3.4" } }, "sha512-Sk5V6wVazPhq5MhpO+AUxJn5x7XSXGl1R93Vn7i+zS15KDVxQijejNCrz8340/2bgLBjR9GtEG8ZVKONDjcqGQ=="],

    "figures": ["figures@6.1.0", "", { "dependencies": { "is-unicode-supported": "^2.0.0" } }, "sha512-d+l3qxjSesT4V7v2fh+QnmFnUWv9lSpjarhShNTgBOfA0ttejbQUAlHLitbjkoRiDulW0OPoQPYIGhIC8ohejg=="],

    "find-up-simple": ["find-up-simple@1.0.1", "", {}, "sha512-afd4O7zpqHeRyg4PfDQsXmlDe2PfdHtJt6Akt8jOWaApLOZk5JXs6VMR29lz03pRe9mpykrRCYIYxaJYcfpncQ=="],

    "global-directory": ["global-directory@4.0.1", "", { "dependencies": { "ini": "4.1.1" } }, "sha512-wHTUcDUoZ1H5/0iVqEudYW4/kAlN5cZ3j/bXn0Dpbizl9iaUVeWSHqiOjsgk6OW2bkLclbBjzewBz6weQ1zA2Q=="],

    "has-ansi": ["has-ansi@6.0.2", "", { "dependencies": { "ansi-regex": "^6.0.1" } }, "sha512-vAyM+6+jAYwSwz0/M0jYKfU9AvAMCz0kH791RsUhvMKGUHXled/3FjcQB3YiQ4Astj5srHdb6B2FHGIfZkOQNg=="],

    "hosted-git-info": ["hosted-git-info@9.0.3", "", { "dependencies": { "lru-cache": "^11.1.0" } }, "sha512-Hc+ghLoSt6QaYZUv0WBiIvmMDZuZZ7oaDvdH8MbfOO4lOsxdXLEvuC6ePoGs9H1X9oCLyq6+NVN0MKqD+ydxyg=="],

    "indent-string": ["indent-string@5.0.0", "", {}, "sha512-m6FAo/spmsW2Ab2fU35JTYwtOKa2yAwXSwgjSv1TJzh4Mh7mC3lzAOVLBprb72XsTrgkEIsl7YrFNAiDiRhIGg=="],

    "index-to-position": ["index-to-position@1.2.0", "", {}, "sha512-Yg7+ztRkqslMAS2iFaU+Oa4KTSidr63OsFGlOrJoW981kIYO3CGCS3wA95P1mUi/IVSJkn0D479KTJpVpvFNuw=="],

    "ini": ["ini@4.1.1", "", {}, "sha512-QQnnxNyfvmHFIsj7gkPcYymR8Jdw/o7mp5ZFihxn6h8Ci6fh3Dx4E1gPjpQEpIuPo9XVNY/ZUwh4BPMjGyL01g=="],

    "is-fullwidth-code-point": ["is-fullwidth-code-point@3.0.0", "", {}, "sha512-zymm5+u+sCsSWyD9qNaejV3DFvhCKclKdizYaJUuHA83RLjb7nSuGnddCHGv0hk+KY7BMAlsWeK4Ueg6EV6XQg=="],

    "is-installed-globally": ["is-installed-globally@1.0.0", "", { "dependencies": { "global-directory": "^4.0.1", "is-path-inside": "^4.0.0" } }, "sha512-K55T22lfpQ63N4KEN57jZUAaAYqYHEe8veb/TycJRk9DdSCLLcovXz/mL6mOnhQaZsQGwPhuFopdQIlqGSEjiQ=="],

    "is-path-inside": ["is-path-inside@4.0.0", "", {}, "sha512-lJJV/5dYS+RcL8uQdBDW9c9uWFLLBNRyFhnAKXw5tVqLlKZ4RMGZKv+YQ/IA3OhD+RpbJa1LLFM1FQPGyIXvOA=="],

    "is-unicode-supported": ["is-unicode-supported@2.1.0", "", {}, "sha512-mE00Gnza5EEB3Ds0HfMyllZzbBrmLOX3vfWoj9A9PEnTfratQ/BcaJOuMhnkhjXvb2+FkY3VuHqtAGpTPmglFQ=="],

    "js-tokens": ["js-tokens@4.0.0", "", {}, "sha512-RdJUflcE3cUzKiMqQgsCu06FPu9UdIJO0beYbPhHN4k6apgJtifcoCtT9bcxOpYBtpD2kCM6Sbzg4CausW/PKQ=="],

    "knuth-shuffle-seeded": ["knuth-shuffle-seeded@1.0.6", "", { "dependencies": { "seed-random": "~2.2.0" } }, "sha512-9pFH0SplrfyKyojCLxZfMcvkhf5hH0d+UwR9nTVJ/DDQJGuzcXjTwB7TP7sDfehSudlGGaOLblmEWqv04ERVWg=="],

    "lodash.merge": ["lodash.merge@4.6.2", "", {}, "sha512-0KpjqXRVvrYyCsX1swR/XTK0va6VQkQM6MNo7PqW77ByjAhoARA8EfrP1N4+KlKj8YS0ZUCtRT/YUuhyYDujIQ=="],

    "lodash.mergewith": ["lodash.mergewith@4.6.2", "", {}, "sha512-GK3g5RPZWTRSeLSpgP8Xhra+pnjBC56q9FZYe1d5RN3TJ35dbkGy3YqBSMbyCrlbi+CM9Z3Jk5yTL7RCsqboyQ=="],

    "lodash.sortby": ["lodash.sortby@4.7.0", "", {}, "sha512-HDWXG8isMntAyRF5vZ7xKuEvOhT4AhlRt/3czTSjvGUxjYCBVRQY48ViDHyfYz9VIoBkW4TMGQNapx+l3RUwdA=="],

    "lru-cache": ["lru-cache@11.5.2", "", {}, "sha512-4pfM1Ff0x50o0tQwb5ucw/RzNyD0/YJME6IVcStalZuMWxdt3sR3huStTtxz4PUmvZfRguvDejasvQ2kifR11g=="],

    "luxon": ["luxon@3.7.2", "", {}, "sha512-vtEhXh/gNjI9Yg1u4jX/0YVPMvxzHuGgCm6tC5kZyb08yjGWGnqAjGJvcXbqQR2P3MyMEFnRbpcdFS6PBcLqew=="],

    "mime": ["mime@4.1.0", "", { "bin": { "mime": "bin/cli.js" } }, "sha512-X5ju04+cAzsojXKes0B/S4tcYtFAJ6tTMuSPBEn9CPGlrWr8Fiw7qYeLT0XyH80HSoAoqWCaz+MWKh22P7G1cw=="],

    "ms": ["ms@2.1.3", "", {}, "sha512-6FlzubTLZG3J2a/NVCAleEhjzq5oxgHyaCU9yYXvcLsvoVaHJq/s5xXI6/XXP6tz7R9xAOtHnSO/tXtF3WRTlA=="],

    "normalize-package-data": ["normalize-package-data@8.0.0", "", { "dependencies": { "hosted-git-info": "^9.0.0", "semver": "^7.3.5", "validate-npm-package-license": "^3.0.4" } }, "sha512-RWk+PI433eESQ7ounYxIp67CYuVsS1uYSonX3kA6ps/3LWfjVQa/ptEg6Y3T6uAMq1mWpX9PQ+qx+QaHpsc7gQ=="],

    "pad-right": ["pad-right@0.2.2", "", { "dependencies": { "repeat-string": "^1.5.2" } }, "sha512-4cy8M95ioIGolCoMmm2cMntGR1lPLEbOMzOKu8bzjuJP6JpzEMQcDHmh7hHLYGgob+nKe1YHFMaG4V59HQa89g=="],

    "parse-json": ["parse-json@8.3.0", "", { "dependencies": { "@babel/code-frame": "^7.26.2", "index-to-position": "^1.1.0", "type-fest": "^4.39.1" } }, "sha512-ybiGyvspI+fAoRQbIPRddCcSTV9/LsJbf0e/S85VLowVGzRmokfneg2kwVW/KU5rOXrPSbF1qAKPMgNTqqROQQ=="],

    "picocolors": ["picocolors@1.1.1", "", {}, "sha512-xceH2snhtb5M9liqDsmEw56le376mTZkEX/jEb/RxNFyegNul7eNslCXP9FDj/Lcu0X8KEyMceP2ntpaHrDEVA=="],

    "property-expr": ["property-expr@2.0.6", "", {}, "sha512-SVtmxhRE/CGkn3eZY1T6pC8Nln6Fr/lu1mKSgRud0eC73whjGfoAogbn78LkD8aFL0zz3bAFerKSnOl7NlErBA=="],

    "read-package-up": ["read-package-up@12.0.0", "", { "dependencies": { "find-up-simple": "^1.0.1", "read-pkg": "^10.0.0", "type-fest": "^5.2.0" } }, "sha512-Q5hMVBYur/eQNWDdbF4/Wqqr9Bjvtrw2kjGxxBbKLbx8bVCL8gcArjTy8zDUuLGQicftpMuU0riQNcAsbtOVsw=="],

    "read-pkg": ["read-pkg@10.1.0", "", { "dependencies": { "@types/normalize-package-data": "^2.4.4", "normalize-package-data": "^8.0.0", "parse-json": "^8.3.0", "type-fest": "^5.4.4", "unicorn-magic": "^0.4.0" } }, "sha512-I8g2lArQiP78ll51UeMZojewtYgIRCKCWqZEgOO8c/uefTI+XDXvCSXu3+YNUaTNvZzobrL5+SqHjBrByRRTdg=="],

    "regexp-match-indices": ["regexp-match-indices@1.0.2", "", { "dependencies": { "regexp-tree": "^0.1.11" } }, "sha512-DwZuAkt8NF5mKwGGER1EGh2PRqyvhRhhLviH+R8y8dIuaQROlUfXjt4s9ZTXstIsSkptf06BSvwcEmmfheJJWQ=="],

    "regexp-tree": ["regexp-tree@0.1.27", "", { "bin": { "regexp-tree": "bin/regexp-tree" } }, "sha512-iETxpjK6YoRWJG5o6hXLwvjYAoW+FEZn9os0PD/b6AP6xQwsa/Y7lCVgIixBbUPMfhu+i2LtdeAqVTgGlQarfA=="],

    "repeat-string": ["repeat-string@1.6.1", "", {}, "sha512-PV0dzCYDNfRi1jCDbJzpW7jNNDRuCOG/jI5ctQcGKt/clZD+YcPS3yIlWuTJMmESC8aevCFmWJy5wjAFgNqN6w=="],

    "seed-random": ["seed-random@2.2.0", "", {}, "sha512-34EQV6AAHQGhoc0tn/96a9Fsi6v2xdqe/dMUwljGRaFOzR3EgRmECvD0O8vi8X+/uQ50LGHfkNu/Eue5TPKZkQ=="],

    "semver": ["semver@7.8.5", "", { "bin": { "semver": "bin/semver.js" } }, "sha512-Y7/KDsb8LjooZpwaqGyulO6DQlksgCncchHGk+sZIY4SBvUocMBEFH5Ur1fI4dV+Jvl0w6cjvucaIi40puRioA=="],

    "source-map": ["source-map@0.6.1", "", {}, "sha512-UjgapumWlbMhkBgzT7Ykc5YXUT46F0iKu8SGXq0bcwP5dz/h0Plj6enJqjz1Zbq2l5WaqYnrVbwWOWMyF3F47g=="],

    "source-map-support": ["source-map-support@0.5.21", "", { "dependencies": { "buffer-from": "^1.0.0", "source-map": "^0.6.0" } }, "sha512-uBHU3L3czsIyYXKX88fdrGovxdSCoTGDRZ6SYXtSRxLZUzHg5P/66Ht6uoUlHu9EZod+inXhKo3qQgwXUT/y1w=="],

    "spdx-correct": ["spdx-correct@3.2.0", "", { "dependencies": { "spdx-expression-parse": "^3.0.0", "spdx-license-ids": "^3.0.0" } }, "sha512-kN9dJbvnySHULIluDHy32WHRUu3Og7B9sbY7tsFLctQkIqnMh3hErYgdMjTYuqmcXX+lK5T1lnUt3G7zNswmZA=="],

    "spdx-exceptions": ["spdx-exceptions@2.5.0", "", {}, "sha512-PiU42r+xO4UbUS1buo3LPJkjlO7430Xn5SVAhdpzzsPHsjbYVflnnFdATgabnLude+Cqu25p6N+g2lw/PFsa4w=="],

    "spdx-expression-parse": ["spdx-expression-parse@3.0.1", "", { "dependencies": { "spdx-exceptions": "^2.1.0", "spdx-license-ids": "^3.0.0" } }, "sha512-cbqHunsQWnJNE6KhVSMsMeH5H/L9EpymbzqTQ3uLwNCLZ1Q481oWaofqH7nO6V07xlXwY6PhQdQ2IedWx/ZK4Q=="],

    "spdx-license-ids": ["spdx-license-ids@3.0.23", "", {}, "sha512-CWLcCCH7VLu13TgOH+r8p1O/Znwhqv/dbb6lqWy67G+pT1kHmeD/+V36AVb/vq8QMIQwVShJ6Ssl5FPh0fuSdw=="],

    "stackframe": ["stackframe@1.3.4", "", {}, "sha512-oeVtt7eWQS+Na6F//S4kJ2K2VbRlS9D43mAlMyVpVWovy9o+jfgH8O9agzANzaiLjclA0oYzUXEM4PurhSUChw=="],

    "string-argv": ["string-argv@0.3.2", "", {}, "sha512-aqD2Q0144Z+/RqG52NeHEkZauTAUWJO8c6yTftGJKO3Tja5tUgIfmIl6kExvhtxSDP7fXB6DvzkfMpCd/F3G+Q=="],

    "string-width": ["string-width@4.2.3", "", { "dependencies": { "emoji-regex": "^8.0.0", "is-fullwidth-code-point": "^3.0.0", "strip-ansi": "^6.0.1" } }, "sha512-wKyQRQpjJ0sIp62ErSZdGsjMJWsap5oRNihHhu6G7JVO/9jIB6UyevL+tXuOqrng8j/cxKTWyWUwvSTriiZz/g=="],

    "strip-ansi": ["strip-ansi@6.0.1", "", { "dependencies": { "ansi-regex": "^5.0.1" } }, "sha512-Y38VPSHcqkFrCpFnQ9vuSXmquuv5oXOKpGeT6aGrr3o3Gc9AlVa6JBfUSOCnbxGGZF+/0ooI7KrPuUSztUdU5A=="],

    "supports-color": ["supports-color@11.0.0", "", {}, "sha512-/zyImLdxhdygBIaVX0xTlQhKaCDLCrm665aqHk8xqK/Pa6k61fL6gwQGQq1k31yNyz6x55PppQgF2DMyPQa5xw=="],

    "tagged-tag": ["tagged-tag@1.0.0", "", {}, "sha512-yEFYrVhod+hdNyx7g5Bnkkb0G6si8HJurOoOEgC8B/O0uXLHlaey/65KRv6cuWBNhBgHKAROVpc7QyYqE5gFng=="],

    "tiny-case": ["tiny-case@1.0.3", "", {}, "sha512-Eet/eeMhkO6TX8mnUteS9zgPbUMQa4I6Kkp5ORiBD5476/m+PIRiumP5tmh5ioJpH7k51Kehawy2UDfsnxxY8Q=="],

    "toposort": ["toposort@2.0.2", "", {}, "sha512-0a5EOkAUp8D4moMi2W8ZF8jcga7BgZd91O/yabJCFY8az+XSzeGyTKs0Aoo897iV1Nj6guFq8orWDS96z91oGg=="],

    "type-fest": ["type-fest@5.9.0", "", { "dependencies": { "tagged-tag": "^1.0.0" } }, "sha512-yANm3Jr3GiJ1qgJlxGAVxTOIcEOk1rhQHamlXtnrCK7EHP4HeM9OGxtMg/W7HFdrVzw/ZWJKGVIJusVH85sLtw=="],

    "unicorn-magic": ["unicorn-magic@0.4.0", "", {}, "sha512-wH590V9VNgYH9g3lH9wWjTrUoKsjLF6sGLjhR4sH1LWpLmCOH0Zf7PukhDA8BiS7KHe4oPNkcTHqYkj7SOGUOw=="],

    "util-arity": ["util-arity@1.1.0", "", {}, "sha512-kkyIsXKwemfSy8ZEoaIz06ApApnWsk5hQO0vLjZS6UkBiGiW++Jsyb8vSBoc0WKlffGoGs5yYy/j5pp8zckrFA=="],

    "validate-npm-package-license": ["validate-npm-package-license@3.0.4", "", { "dependencies": { "spdx-correct": "^3.0.0", "spdx-expression-parse": "^3.0.0" } }, "sha512-DpKm2Ui/xN7/HQKCtpZxoRWBhZ9Z0kqtygG8XCgNQ8ZlDnxuQmWhj566j8fN4Cu3/JmbhsDo7fcAJq4s9h27Ew=="],

    "xmlbuilder": ["xmlbuilder@15.1.1", "", {}, "sha512-yMqGBqtXyeN1e3TGYvgNgDVZ3j84W4cwkOXQswghol6APgZWaff9lnbvN7MHYJOiXsvGPXtjTYJEiC9J2wv9Eg=="],

    "yaml": ["yaml@2.9.0", "", { "bin": { "yaml": "bin.mjs" } }, "sha512-2AvhNX3mb8zd6Zy7INTtSpl1F15HW6Wnqj0srWlkKLcpYl/gMIMJiyuGq2KeI2YFxUPjdlB+3Lc10seMLtL4cA=="],

    "yup": ["yup@1.7.1", "", { "dependencies": { "property-expr": "^2.0.5", "tiny-case": "^1.0.3", "toposort": "^2.0.2", "type-fest": "^2.19.0" } }, "sha512-GKHFX2nXul2/4Dtfxhozv701jLQHdf6J34YDh2cEkpqoo8le5Mg6/LrdseVLrFarmFygZTlfIhHx/QKfb/QWXw=="],

    "@cucumber/gherkin-utils/@cucumber/gherkin": ["@cucumber/gherkin@41.0.0", "", { "dependencies": { "@cucumber/messages": ">=31.0.0 <34" } }, "sha512-pKGx1EzNjtWbpw74kEevKDMj71dF3ZSaFJpLYuWVvRZKe+Cwoq5iEkuMaELIg1jxIu8jH/A2HPMpMR8UBvdG0w=="],

    "@cucumber/gherkin-utils/@cucumber/messages": ["@cucumber/messages@33.0.4", "", {}, "sha512-i6P1a0bnmhecOHfvIW0rhMxv/gMKfBKwDMxmD9/Uo1HSqpQ17ocHms1JwWW6uTMLAopqqWlcz7l6Pax+qUOTzg=="],

    "@cucumber/pretty-formatter/@cucumber/query": ["@cucumber/query@16.0.0", "", { "dependencies": { "@teppeis/multimaps": "3.0.0", "lodash.sortby": "^4.7.0" }, "peerDependencies": { "@cucumber/messages": "*" } }, "sha512-CtGBHLc92y1RNogXGOFVF7so+XdLR5rVuJGsS6nH7yLeayyYhdV8lYW/LG8R05cm4irG/RO6Wn5I2CAgxMhmwQ=="],

    "parse-json/type-fest": ["type-fest@4.41.0", "", {}, "sha512-TeTSQ6H5YHvpqVwBRcnLDCBnDOHWYu7IvGbHT6N8AOymcr9PJGjc1GTtiWZTYg0NCgYwvnYWEkVChQAr9bjfwA=="],

    "strip-ansi/ansi-regex": ["ansi-regex@5.0.1", "", {}, "sha512-quJQXlTSUGL2LH9SUXo8VwsY4soanhgo6LNSm84E1LBcE8s3O0wpdiRzyR9z/ZZJMlMWv37qOOb9pdJlMUEKFQ=="],

    "yup/type-fest": ["type-fest@2.19.0", "", {}, "sha512-RAH822pAdBgcNMAfWnCBU3CFZcfZ/i1eZjwFU/dsLKumyuuP3niueg2UAukXYF0E2AAoc82ZSSf9J0WQBinzHA=="],
  }
}
